
Microsoft Visual Studio Solution File, Format Version 12.00
# Visual Studio Version 17
VisualStudioVersion = 17.3.32901.215
MinimumVisualStudioVersion = 10.0.40219.1
Project("{FAE04EC0-301F-11D3-BF4B-00C04F79EFBC}") = "SpaceWScheduler", "SpaceWScheduler\SpaceWScheduler.csproj", "{2DA30E7E-8C57-42DE-8C0B-517C424153A9}"
EndProject
Project("{FAE04EC0-301F-11D3-BF4B-00C04F79EFBC}") = "SpaceWScheduler.Models", "SpaceWScheduler.Models\SpaceWScheduler.Models.csproj", "{B7213899-05B0-4002-8A89-6CC94CFA162B}"
EndProject
Project("{FAE04EC0-301F-11D3-BF4B-00C04F79EFBC}") = "SpaceWScheduler.Services", "SpaceWScheduler.Services\SpaceWScheduler.Services.csproj", "{03F3263F-043B-4312-B4CE-BB1BC578E885}"
EndProject
Global
	GlobalSection(SolutionConfigurationPlatforms) = preSolution
		Debug|Any CPU = Debug|Any CPU
		Release|Any CPU = Release|Any CPU
	EndGlobalSection
	GlobalSection(ProjectConfigurationPlatforms) = postSolution
		{2DA30E7E-8C57-42DE-8C0B-517C424153A9}.Debug|Any CPU.ActiveCfg = Debug|Any CPU
		{2DA30E7E-8C57-42DE-8C0B-517C424153A9}.Debug|Any CPU.Build.0 = Debug|Any CPU
		{2DA30E7E-8C57-42DE-8C0B-517C424153A9}.Release|Any CPU.ActiveCfg = Release|Any CPU
		{2DA30E7E-8C57-42DE-8C0B-517C424153A9}.Release|Any CPU.Build.0 = Release|Any CPU
		{B7213899-05B0-4002-8A89-6CC94CFA162B}.Debug|Any CPU.ActiveCfg = Debug|Any CPU
		{B7213899-05B0-4002-8A89-6CC94CFA162B}.Debug|Any CPU.Build.0 = Debug|Any CPU
		{B7213899-05B0-4002-8A89-6CC94CFA162B}.Release|Any CPU.ActiveCfg = Release|Any CPU
		{B7213899-05B0-4002-8A89-6CC94CFA162B}.Release|Any CPU.Build.0 = Release|Any CPU
		{03F3263F-043B-4312-B4CE-BB1BC578E885}.Debug|Any CPU.ActiveCfg = Debug|Any CPU
		{03F3263F-043B-4312-B4CE-BB1BC578E885}.Debug|Any CPU.Build.0 = Debug|Any CPU
		{03F3263F-043B-4312-B4CE-BB1BC578E885}.Release|Any CPU.ActiveCfg = Release|Any CPU
		{03F3263F-043B-4312-B4CE-BB1BC578E885}.Release|Any CPU.Build.0 = Release|Any CPU
	EndGlobalSection
	GlobalSection(SolutionProperties) = preSolution
		HideSolutionNode = FALSE
	EndGlobalSection
	GlobalSection(ExtensibilityGlobals) = postSolution
		SolutionGuid = {C8CB3929-7172-45F1-8E1A-BF958377D415}
	EndGlobalSection
EndGlobal
